
Microsoft Visual Studio Solution File, Format Version 12.00
# Visual Studio Version 17
VisualStudioVersion = 17.5.2.0
MinimumVisualStudioVersion = 10.0.40219.1
Project("{2150E333-8FDC-42A3-9474-1A3956D46DE8}") = "src", "src", "{827E0CD3-B72D-47B6-A68D-7590B98EB39B}"
EndProject
Project("{FAE04EC0-301F-11D3-BF4B-00C04F79EFBC}") = "Core", "src\Core\Core\Core.csproj", "{4114E4DC-A6BD-9F5D-EC82-1C3B16F50727}"
EndProject
Project("{FAE04EC0-301F-11D3-BF4B-00C04F79EFBC}") = "Core.Contracts", "src\Core\Core.Contracts\Core.Contracts.csproj", "{C48B0AA2-ACD1-4D9E-BCF4-C4920F4740F0}"
EndProject
Project("{FAE04EC0-301F-11D3-BF4B-00C04F79EFBC}") = "Api", "src\Api\Api.csproj", "{67AFC560-3617-41F4-B410-2C7D658F4E0B}"
EndProject
Project("{2150E333-8FDC-42A3-9474-1A3956D46DE8}") = "Core", "Core", "{8D626EA8-CB54-BC41-363A-217881BEBA6E}"
EndProject
Project("{FAE04EC0-301F-11D3-BF4B-00C04F79EFBC}") = "User", "src\Modules\User\User\User.csproj", "{F742C751-7956-4D54-9695-23CBE4FFC644}"
EndProject
Project("{2150E333-8FDC-42A3-9474-1A3956D46DE8}") = "Modules", "Modules", "{BBC15E0D-9E98-47F2-BECD-BE6FC241E4F2}"
EndProject
Project("{2150E333-8FDC-42A3-9474-1A3956D46DE8}") = "User", "User", "{EDD1BD87-43A1-4302-AE0F-FDA741774107}"
EndProject
Project("{2150E333-8FDC-42A3-9474-1A3956D46DE8}") = "System", "System", "{CDB07F6C-8A71-4567-93F8-00AA62E25EFC}"
EndProject
Project("{FAE04EC0-301F-11D3-BF4B-00C04F79EFBC}") = "System", "src\Modules\System\System\System.csproj", "{FC66D95D-F2DC-475D-9785-464C744A03A9}"
EndProject
Project("{FAE04EC0-301F-11D3-BF4B-00C04F79EFBC}") = "BuildingBlocks", "src\BuildingBlocks\BuildingBlocks.csproj", "{95240BC0-93BA-4CA5-96E9-04E8E7361AD2}"
EndProject
Global
	GlobalSection(SolutionConfigurationPlatforms) = preSolution
		Debug|Any CPU = Debug|Any CPU
		Debug|x64 = Debug|x64
		Debug|x86 = Debug|x86
		Release|Any CPU = Release|Any CPU
		Release|x64 = Release|x64
		Release|x86 = Release|x86
	EndGlobalSection
	GlobalSection(ProjectConfigurationPlatforms) = postSolution
		{4114E4DC-A6BD-9F5D-EC82-1C3B16F50727}.Debug|Any CPU.ActiveCfg = Debug|Any CPU
		{4114E4DC-A6BD-9F5D-EC82-1C3B16F50727}.Debug|Any CPU.Build.0 = Debug|Any CPU
		{4114E4DC-A6BD-9F5D-EC82-1C3B16F50727}.Debug|x64.ActiveCfg = Debug|Any CPU
		{4114E4DC-A6BD-9F5D-EC82-1C3B16F50727}.Debug|x64.Build.0 = Debug|Any CPU
		{4114E4DC-A6BD-9F5D-EC82-1C3B16F50727}.Debug|x86.ActiveCfg = Debug|Any CPU
		{4114E4DC-A6BD-9F5D-EC82-1C3B16F50727}.Debug|x86.Build.0 = Debug|Any CPU
		{4114E4DC-A6BD-9F5D-EC82-1C3B16F50727}.Release|Any CPU.ActiveCfg = Release|Any CPU
		{4114E4DC-A6BD-9F5D-EC82-1C3B16F50727}.Release|Any CPU.Build.0 = Release|Any CPU
		{4114E4DC-A6BD-9F5D-EC82-1C3B16F50727}.Release|x64.ActiveCfg = Release|Any CPU
		{4114E4DC-A6BD-9F5D-EC82-1C3B16F50727}.Release|x64.Build.0 = Release|Any CPU
		{4114E4DC-A6BD-9F5D-EC82-1C3B16F50727}.Release|x86.ActiveCfg = Release|Any CPU
		{4114E4DC-A6BD-9F5D-EC82-1C3B16F50727}.Release|x86.Build.0 = Release|Any CPU
		{C48B0AA2-ACD1-4D9E-BCF4-C4920F4740F0}.Debug|Any CPU.ActiveCfg = Debug|Any CPU
		{C48B0AA2-ACD1-4D9E-BCF4-C4920F4740F0}.Debug|Any CPU.Build.0 = Debug|Any CPU
		{C48B0AA2-ACD1-4D9E-BCF4-C4920F4740F0}.Debug|x64.ActiveCfg = Debug|Any CPU
		{C48B0AA2-ACD1-4D9E-BCF4-C4920F4740F0}.Debug|x64.Build.0 = Debug|Any CPU
		{C48B0AA2-ACD1-4D9E-BCF4-C4920F4740F0}.Debug|x86.ActiveCfg = Debug|Any CPU
		{C48B0AA2-ACD1-4D9E-BCF4-C4920F4740F0}.Debug|x86.Build.0 = Debug|Any CPU
		{C48B0AA2-ACD1-4D9E-BCF4-C4920F4740F0}.Release|Any CPU.ActiveCfg = Release|Any CPU
		{C48B0AA2-ACD1-4D9E-BCF4-C4920F4740F0}.Release|Any CPU.Build.0 = Release|Any CPU
		{C48B0AA2-ACD1-4D9E-BCF4-C4920F4740F0}.Release|x64.ActiveCfg = Release|Any CPU
		{C48B0AA2-ACD1-4D9E-BCF4-C4920F4740F0}.Release|x64.Build.0 = Release|Any CPU
		{C48B0AA2-ACD1-4D9E-BCF4-C4920F4740F0}.Release|x86.ActiveCfg = Release|Any CPU
		{C48B0AA2-ACD1-4D9E-BCF4-C4920F4740F0}.Release|x86.Build.0 = Release|Any CPU
		{67AFC560-3617-41F4-B410-2C7D658F4E0B}.Debug|Any CPU.ActiveCfg = Debug|Any CPU
		{67AFC560-3617-41F4-B410-2C7D658F4E0B}.Debug|Any CPU.Build.0 = Debug|Any CPU
		{67AFC560-3617-41F4-B410-2C7D658F4E0B}.Debug|x64.ActiveCfg = Debug|Any CPU
		{67AFC560-3617-41F4-B410-2C7D658F4E0B}.Debug|x64.Build.0 = Debug|Any CPU
		{67AFC560-3617-41F4-B410-2C7D658F4E0B}.Debug|x86.ActiveCfg = Debug|Any CPU
		{67AFC560-3617-41F4-B410-2C7D658F4E0B}.Debug|x86.Build.0 = Debug|Any CPU
		{67AFC560-3617-41F4-B410-2C7D658F4E0B}.Release|Any CPU.ActiveCfg = Release|Any CPU
		{67AFC560-3617-41F4-B410-2C7D658F4E0B}.Release|Any CPU.Build.0 = Release|Any CPU
		{67AFC560-3617-41F4-B410-2C7D658F4E0B}.Release|x64.ActiveCfg = Release|Any CPU
		{67AFC560-3617-41F4-B410-2C7D658F4E0B}.Release|x64.Build.0 = Release|Any CPU
		{67AFC560-3617-41F4-B410-2C7D658F4E0B}.Release|x86.ActiveCfg = Release|Any CPU
		{67AFC560-3617-41F4-B410-2C7D658F4E0B}.Release|x86.Build.0 = Release|Any CPU
		{F742C751-7956-4D54-9695-23CBE4FFC644}.Debug|Any CPU.ActiveCfg = Debug|Any CPU
		{F742C751-7956-4D54-9695-23CBE4FFC644}.Debug|Any CPU.Build.0 = Debug|Any CPU
		{F742C751-7956-4D54-9695-23CBE4FFC644}.Debug|x64.ActiveCfg = Debug|Any CPU
		{F742C751-7956-4D54-9695-23CBE4FFC644}.Debug|x64.Build.0 = Debug|Any CPU
		{F742C751-7956-4D54-9695-23CBE4FFC644}.Debug|x86.ActiveCfg = Debug|Any CPU
		{F742C751-7956-4D54-9695-23CBE4FFC644}.Debug|x86.Build.0 = Debug|Any CPU
		{F742C751-7956-4D54-9695-23CBE4FFC644}.Release|Any CPU.ActiveCfg = Release|Any CPU
		{F742C751-7956-4D54-9695-23CBE4FFC644}.Release|Any CPU.Build.0 = Release|Any CPU
		{F742C751-7956-4D54-9695-23CBE4FFC644}.Release|x64.ActiveCfg = Release|Any CPU
		{F742C751-7956-4D54-9695-23CBE4FFC644}.Release|x64.Build.0 = Release|Any CPU
		{F742C751-7956-4D54-9695-23CBE4FFC644}.Release|x86.ActiveCfg = Release|Any CPU
		{F742C751-7956-4D54-9695-23CBE4FFC644}.Release|x86.Build.0 = Release|Any CPU
		{FC66D95D-F2DC-475D-9785-464C744A03A9}.Debug|Any CPU.ActiveCfg = Debug|Any CPU
		{FC66D95D-F2DC-475D-9785-464C744A03A9}.Debug|Any CPU.Build.0 = Debug|Any CPU
		{FC66D95D-F2DC-475D-9785-464C744A03A9}.Debug|x64.ActiveCfg = Debug|Any CPU
		{FC66D95D-F2DC-475D-9785-464C744A03A9}.Debug|x64.Build.0 = Debug|Any CPU
		{FC66D95D-F2DC-475D-9785-464C744A03A9}.Debug|x86.ActiveCfg = Debug|Any CPU
		{FC66D95D-F2DC-475D-9785-464C744A03A9}.Debug|x86.Build.0 = Debug|Any CPU
		{FC66D95D-F2DC-475D-9785-464C744A03A9}.Release|Any CPU.ActiveCfg = Release|Any CPU
		{FC66D95D-F2DC-475D-9785-464C744A03A9}.Release|Any CPU.Build.0 = Release|Any CPU
		{FC66D95D-F2DC-475D-9785-464C744A03A9}.Release|x64.ActiveCfg = Release|Any CPU
		{FC66D95D-F2DC-475D-9785-464C744A03A9}.Release|x64.Build.0 = Release|Any CPU
		{FC66D95D-F2DC-475D-9785-464C744A03A9}.Release|x86.ActiveCfg = Release|Any CPU
		{FC66D95D-F2DC-475D-9785-464C744A03A9}.Release|x86.Build.0 = Release|Any CPU
		{95240BC0-93BA-4CA5-96E9-04E8E7361AD2}.Debug|Any CPU.ActiveCfg = Debug|Any CPU
		{95240BC0-93BA-4CA5-96E9-04E8E7361AD2}.Debug|Any CPU.Build.0 = Debug|Any CPU
		{95240BC0-93BA-4CA5-96E9-04E8E7361AD2}.Debug|x64.ActiveCfg = Debug|Any CPU
		{95240BC0-93BA-4CA5-96E9-04E8E7361AD2}.Debug|x64.Build.0 = Debug|Any CPU
		{95240BC0-93BA-4CA5-96E9-04E8E7361AD2}.Debug|x86.ActiveCfg = Debug|Any CPU
		{95240BC0-93BA-4CA5-96E9-04E8E7361AD2}.Debug|x86.Build.0 = Debug|Any CPU
		{95240BC0-93BA-4CA5-96E9-04E8E7361AD2}.Release|Any CPU.ActiveCfg = Release|Any CPU
		{95240BC0-93BA-4CA5-96E9-04E8E7361AD2}.Release|Any CPU.Build.0 = Release|Any CPU
		{95240BC0-93BA-4CA5-96E9-04E8E7361AD2}.Release|x64.ActiveCfg = Release|Any CPU
		{95240BC0-93BA-4CA5-96E9-04E8E7361AD2}.Release|x64.Build.0 = Release|Any CPU
		{95240BC0-93BA-4CA5-96E9-04E8E7361AD2}.Release|x86.ActiveCfg = Release|Any CPU
		{95240BC0-93BA-4CA5-96E9-04E8E7361AD2}.Release|x86.Build.0 = Release|Any CPU
	EndGlobalSection
	GlobalSection(SolutionProperties) = preSolution
		HideSolutionNode = FALSE
	EndGlobalSection
	GlobalSection(NestedProjects) = preSolution
		{8D626EA8-CB54-BC41-363A-217881BEBA6E} = {827E0CD3-B72D-47B6-A68D-7590B98EB39B}
		{4114E4DC-A6BD-9F5D-EC82-1C3B16F50727} = {8D626EA8-CB54-BC41-363A-217881BEBA6E}
		{C48B0AA2-ACD1-4D9E-BCF4-C4920F4740F0} = {8D626EA8-CB54-BC41-363A-217881BEBA6E}
		{67AFC560-3617-41F4-B410-2C7D658F4E0B} = {827E0CD3-B72D-47B6-A68D-7590B98EB39B}
		{BBC15E0D-9E98-47F2-BECD-BE6FC241E4F2} = {827E0CD3-B72D-47B6-A68D-7590B98EB39B}
		{EDD1BD87-43A1-4302-AE0F-FDA741774107} = {BBC15E0D-9E98-47F2-BECD-BE6FC241E4F2}
		{F742C751-7956-4D54-9695-23CBE4FFC644} = {EDD1BD87-43A1-4302-AE0F-FDA741774107}
		{CDB07F6C-8A71-4567-93F8-00AA62E25EFC} = {BBC15E0D-9E98-47F2-BECD-BE6FC241E4F2}
		{FC66D95D-F2DC-475D-9785-464C744A03A9} = {CDB07F6C-8A71-4567-93F8-00AA62E25EFC}
	EndGlobalSection
	GlobalSection(ExtensibilityGlobals) = postSolution
		SolutionGuid = {4D8ED4D2-B557-4DEF-977F-9782756C3026}
	EndGlobalSection
EndGlobal
